
Microsoft Visual Studio Solution File, Format Version 11.00
# Visual Studio 2010
Project("{8BC9CEB8-8B4A-11D0-8D11-00A0C91BC942}") = "console", "console\console.vcxproj", "{E6CE050D-A277-46B8-942B-12E5D480FE9A}"
EndProject
Project("{8BC9CEB8-8B4A-11D0-8D11-00A0C91BC942}") = "lib", "lib\lib.vcxproj", "{B3056952-31F8-4DDF-BF27-85406D6EE002}"
EndProject
Project("{8BC9CEB8-8B4A-11D0-8D11-00A0C91BC942}") = "UT", "UT\UT.vcxproj", "{53C311DC-FA07-4D9E-9894-2F97494DCC77}"
EndProject
Project("{2150E333-8FDC-42A3-9474-1A3956D46DE8}") = "Solution Items", "Solution Items", "{696D2ADB-A714-4724-838F-9006B8AC57FF}"
	ProjectSection(SolutionItems) = preProject
		16-vt-1a.vsmdi = 16-vt-1a.vsmdi
		Local.testsettings = Local.testsettings
		TraceAndTestImpact.testsettings = TraceAndTestImpact.testsettings
	EndProjectSection
EndProject
Global
	GlobalSection(TestCaseManagementSettings) = postSolution
		CategoryFile = 16-vt-1a.vsmdi
	EndGlobalSection
	GlobalSection(SolutionConfigurationPlatforms) = preSolution
		Debug|Win32 = Debug|Win32
		Release|Win32 = Release|Win32
	EndGlobalSection
	GlobalSection(ProjectConfigurationPlatforms) = postSolution
		{E6CE050D-A277-46B8-942B-12E5D480FE9A}.Debug|Win32.ActiveCfg = Debug|Win32
		{E6CE050D-A277-46B8-942B-12E5D480FE9A}.Debug|Win32.Build.0 = Debug|Win32
		{E6CE050D-A277-46B8-942B-12E5D480FE9A}.Release|Win32.ActiveCfg = Release|Win32
		{E6CE050D-A277-46B8-942B-12E5D480FE9A}.Release|Win32.Build.0 = Release|Win32
		{B3056952-31F8-4DDF-BF27-85406D6EE002}.Debug|Win32.ActiveCfg = Debug|Win32
		{B3056952-31F8-4DDF-BF27-85406D6EE002}.Debug|Win32.Build.0 = Debug|Win32
		{B3056952-31F8-4DDF-BF27-85406D6EE002}.Release|Win32.ActiveCfg = Release|Win32
		{B3056952-31F8-4DDF-BF27-85406D6EE002}.Release|Win32.Build.0 = Release|Win32
		{53C311DC-FA07-4D9E-9894-2F97494DCC77}.Debug|Win32.ActiveCfg = Debug|Win32
		{53C311DC-FA07-4D9E-9894-2F97494DCC77}.Debug|Win32.Build.0 = Debug|Win32
		{53C311DC-FA07-4D9E-9894-2F97494DCC77}.Release|Win32.ActiveCfg = Release|Win32
		{53C311DC-FA07-4D9E-9894-2F97494DCC77}.Release|Win32.Build.0 = Release|Win32
	EndGlobalSection
	GlobalSection(SolutionProperties) = preSolution
		HideSolutionNode = FALSE
	EndGlobalSection
EndGlobal
